
Microsoft Visual Studio Solution File, Format Version 12.00
# Visual Studio Version 17
VisualStudioVersion = 17.10.35027.167
MinimumVisualStudioVersion = 10.0.40219.1
Project("{FAE04EC0-301F-11D3-BF4B-00C04F79EFBC}") = "E_Library", "E_Library\E_Library.csproj", "{7862E8A5-F688-4378-B4AC-3E084CEA9819}"
EndProject
Global
	GlobalSection(SolutionConfigurationPlatforms) = preSolution
		Debug|Any CPU = Debug|Any CPU
		Release|Any CPU = Release|Any CPU
	EndGlobalSection
	GlobalSection(ProjectConfigurationPlatforms) = postSolution
		{7862E8A5-F688-4378-B4AC-3E084CEA9819}.Debug|Any CPU.ActiveCfg = Debug|Any CPU
		{7862E8A5-F688-4378-B4AC-3E084CEA9819}.Debug|Any CPU.Build.0 = Debug|Any CPU
		{7862E8A5-F688-4378-B4AC-3E084CEA9819}.Release|Any CPU.ActiveCfg = Release|Any CPU
		{7862E8A5-F688-4378-B4AC-3E084CEA9819}.Release|Any CPU.Build.0 = Release|Any CPU
	EndGlobalSection
	GlobalSection(SolutionProperties) = preSolution
		HideSolutionNode = FALSE
	EndGlobalSection
	GlobalSection(ExtensibilityGlobals) = postSolution
		SolutionGuid = {041D0474-EFD3-462A-9A51-5F4866E8AA34}
	EndGlobalSection
EndGlobal
